
Microsoft Visual Studio Solution File, Format Version 12.00
# Visual Studio Version 16
VisualStudioVersion = 25.0.1705.6
MinimumVisualStudioVersion = 10.0.40219.1
Project("{FAE04EC0-301F-11D3-BF4B-00C04F79EFBC}") = "Interview-Calendar", "Interview-Calendar.csproj", "{5F1BC353-A170-436C-BAB6-63D8E9E5D66C}"
EndProject
Project("{E53339B2-1760-4266-BCC7-CA923CBCF16C}") = "docker-compose", "docker-compose.dcproj", "{08433BA2-2B34-48D5-AC36-A8C9F94FEA6E}"
EndProject
Global
	GlobalSection(SolutionConfigurationPlatforms) = preSolution
		Debug|Any CPU = Debug|Any CPU
		Release|Any CPU = Release|Any CPU
	EndGlobalSection
	GlobalSection(ProjectConfigurationPlatforms) = postSolution
		{5F1BC353-A170-436C-BAB6-63D8E9E5D66C}.Debug|Any CPU.ActiveCfg = Debug|Any CPU
		{5F1BC353-A170-436C-BAB6-63D8E9E5D66C}.Debug|Any CPU.Build.0 = Debug|Any CPU
		{5F1BC353-A170-436C-BAB6-63D8E9E5D66C}.Release|Any CPU.ActiveCfg = Release|Any CPU
		{5F1BC353-A170-436C-BAB6-63D8E9E5D66C}.Release|Any CPU.Build.0 = Release|Any CPU
		{08433BA2-2B34-48D5-AC36-A8C9F94FEA6E}.Debug|Any CPU.ActiveCfg = Debug|Any CPU
		{08433BA2-2B34-48D5-AC36-A8C9F94FEA6E}.Debug|Any CPU.Build.0 = Debug|Any CPU
		{08433BA2-2B34-48D5-AC36-A8C9F94FEA6E}.Release|Any CPU.ActiveCfg = Release|Any CPU
		{08433BA2-2B34-48D5-AC36-A8C9F94FEA6E}.Release|Any CPU.Build.0 = Release|Any CPU
	EndGlobalSection
	GlobalSection(SolutionProperties) = preSolution
		HideSolutionNode = FALSE
	EndGlobalSection
	GlobalSection(ExtensibilityGlobals) = postSolution
		SolutionGuid = {F32EF72E-C0A5-4904-8A6A-1E16B96093BB}
	EndGlobalSection
EndGlobal
